
Microsoft Visual Studio Solution File, Format Version 12.00
# Visual Studio Version 17
VisualStudioVersion = 17.12.35527.113 d17.12
MinimumVisualStudioVersion = 10.0.40219.1
Project("{FAE04EC0-301F-11D3-BF4B-00C04F79EFBC}") = "App_Teste", "App_Teste\App_Teste.csproj", "{04E83501-D66C-4A75-9250-31EFD683EA48}"
EndProject
Global
	GlobalSection(SolutionConfigurationPlatforms) = preSolution
		Debug|Any CPU = Debug|Any CPU
		Release|Any CPU = Release|Any CPU
	EndGlobalSection
	GlobalSection(ProjectConfigurationPlatforms) = postSolution
		{04E83501-D66C-4A75-9250-31EFD683EA48}.Debug|Any CPU.ActiveCfg = Debug|Any CPU
		{04E83501-D66C-4A75-9250-31EFD683EA48}.Debug|Any CPU.Build.0 = Debug|Any CPU
		{04E83501-D66C-4A75-9250-31EFD683EA48}.Release|Any CPU.ActiveCfg = Release|Any CPU
		{04E83501-D66C-4A75-9250-31EFD683EA48}.Release|Any CPU.Build.0 = Release|Any CPU
	EndGlobalSection
	GlobalSection(SolutionProperties) = preSolution
		HideSolutionNode = FALSE
	EndGlobalSection
EndGlobal
