
Microsoft Visual Studio Solution File, Format Version 12.00
# Visual Studio Version 17
VisualStudioVersion = 17.12.35527.113 d17.12
MinimumVisualStudioVersion = 10.0.40219.1
Project("{FAE04EC0-301F-11D3-BF4B-00C04F79EFBC}") = "Operadores_Matematicos_Funcao", "Operadores_Matematicos_Funcao\Operadores_Matematicos_Funcao.csproj", "{E4E18662-857D-4F53-9FE9-69514413CF4C}"
EndProject
Global
	GlobalSection(SolutionConfigurationPlatforms) = preSolution
		Debug|Any CPU = Debug|Any CPU
		Release|Any CPU = Release|Any CPU
	EndGlobalSection
	GlobalSection(ProjectConfigurationPlatforms) = postSolution
		{E4E18662-857D-4F53-9FE9-69514413CF4C}.Debug|Any CPU.ActiveCfg = Debug|Any CPU
		{E4E18662-857D-4F53-9FE9-69514413CF4C}.Debug|Any CPU.Build.0 = Debug|Any CPU
		{E4E18662-857D-4F53-9FE9-69514413CF4C}.Release|Any CPU.ActiveCfg = Release|Any CPU
		{E4E18662-857D-4F53-9FE9-69514413CF4C}.Release|Any CPU.Build.0 = Release|Any CPU
	EndGlobalSection
	GlobalSection(SolutionProperties) = preSolution
		HideSolutionNode = FALSE
	EndGlobalSection
EndGlobal
